{
  "version": 4,
  "terraform_version": "1.11.3",
  "serial": 184,
  "lineage": "d759f2f7-d831-c230-8b99-7f2c5c6e8f75",
  "outputs": {},
  "resources": [
    {
      "module": "module.aws-ec2-free-tier",
      "mode": "managed",
      "type": "aws_instance",
      "name": "aws-public-ec2-free-tier",
      "provider": "provider[\"registry.terraform.io/hashicorp/aws\"]",
      "instances": [
        {
          "schema_version": 1,
          "attributes": {
            "ami": "ami-0453ec754f44f9a4a",
            "arn": "arn:aws:ec2:us-east-1:207567780191:instance/i-06ac6d3b818a7cdba",
            "associate_public_ip_address": true,
            "availability_zone": "us-east-1a",
            "capacity_reservation_specification": [
              {
                "capacity_reservation_preference": "open",
                "capacity_reservation_target": []
              }
            ],
            "cpu_core_count": 1,
            "cpu_options": [
              {
                "amd_sev_snp": "",
                "core_count": 1,
                "threads_per_core": 1
              }
            ],
            "cpu_threads_per_core": 1,
            "credit_specification": [
              {
                "cpu_credits": "standard"
              }
            ],
            "disable_api_stop": false,
            "disable_api_termination": false,
            "ebs_block_device": [],
            "ebs_optimized": false,
            "enable_primary_ipv6": null,
            "enclave_options": [
              {
                "enabled": false
              }
            ],
            "ephemeral_block_device": [],
            "get_password_data": false,
            "hibernation": false,
            "host_id": "",
            "host_resource_group_arn": null,
            "iam_instance_profile": "",
            "id": "i-06ac6d3b818a7cdba",
            "instance_initiated_shutdown_behavior": "stop",
            "instance_lifecycle": "",
            "instance_market_options": [],
            "instance_state": "running",
            "instance_type": "t2.micro",
            "ipv6_address_count": 0,
            "ipv6_addresses": [],
            "key_name": "aws_tf_key",
            "launch_template": [],
            "maintenance_options": [
              {
                "auto_recovery": "default"
              }
            ],
            "metadata_options": [
              {
                "http_endpoint": "enabled",
                "http_protocol_ipv6": "disabled",
                "http_put_response_hop_limit": 2,
                "http_tokens": "required",
                "instance_metadata_tags": "disabled"
              }
            ],
            "monitoring": false,
            "network_interface": [],
            "outpost_arn": "",
            "password_data": "",
            "placement_group": "",
            "placement_partition_number": 0,
            "primary_network_interface_id": "eni-0d5a0f8064db406dc",
            "private_dns": "ip-10-0-1-165.ec2.internal",
            "private_dns_name_options": [
              {
                "enable_resource_name_dns_a_record": false,
                "enable_resource_name_dns_aaaa_record": false,
                "hostname_type": "ip-name"
              }
            ],
            "private_ip": "10.0.1.165",
            "public_dns": "ec2-34-228-157-138.compute-1.amazonaws.com",
            "public_ip": "34.228.157.138",
            "root_block_device": [
              {
                "delete_on_termination": true,
                "device_name": "/dev/xvda",
                "encrypted": false,
                "iops": 3000,
                "kms_key_id": "",
                "tags": {},
                "tags_all": {},
                "throughput": 125,
                "volume_id": "vol-020947d28f571656b",
                "volume_size": 8,
                "volume_type": "gp3"
              }
            ],
            "secondary_private_ips": [],
            "security_groups": [],
            "source_dest_check": true,
            "spot_instance_request_id": "",
            "subnet_id": "subnet-028f165603e5bf4c8",
            "tags": {
              "Name": "dev-public-ec2-free-tier"
            },
            "tags_all": {
              "Name": "dev-public-ec2-free-tier"
            },
            "tenancy": "default",
            "timeouts": null,
            "user_data": null,
            "user_data_base64": null,
            "user_data_replace_on_change": false,
            "volume_tags": null,
            "vpc_security_group_ids": [
              "sg-07fe33d693a47362f"
            ]
          },
          "sensitive_attributes": [],
          "private": "eyJlMmJmYjczMC1lY2FhLTExZTYtOGY4OC0zNDM2M2JjN2M0YzAiOnsiY3JlYXRlIjo2MDAwMDAwMDAwMDAsImRlbGV0ZSI6MTIwMDAwMDAwMDAwMCwicmVhZCI6OTAwMDAwMDAwMDAwLCJ1cGRhdGUiOjYwMDAwMDAwMDAwMH0sInNjaGVtYV92ZXJzaW9uIjoiMSJ9",
          "dependencies": [
            "module.aws-sg-free-tier.aws_security_group.aws-public-sg",
            "module.aws-subnet-free-tier.aws_subnet.aws-subnet-public-us-east-1a",
            "module.aws-vpc-free-tier.aws_vpc.aws-vpc-free-tier"
          ]
        }
      ]
    },
    {
      "module": "module.aws-ec2-free-tier",
      "mode": "managed",
      "type": "aws_key_pair",
      "name": "aws_tf_key",
      "provider": "provider[\"registry.terraform.io/hashicorp/aws\"]",
      "instances": [
        {
          "schema_version": 1,
          "attributes": {
            "arn": "arn:aws:ec2:us-east-1:207567780191:key-pair/aws_tf_key",
            "fingerprint": "fa:73:06:a3:81:95:46:a1:48:d5:40:8d:88:c7:6d:b6",
            "id": "aws_tf_key",
            "key_name": "aws_tf_key",
            "key_name_prefix": "",
            "key_pair_id": "key-042dd9a56e56ceaa9",
            "key_type": "rsa",
            "public_key": "ssh-rsa AAAAB3NzaC1yc2EAAAADAQABAAACAQDBRNChLk/p5ReVPNhDpIioh9Ywe51F9sjv8m5lAq4ISTXR42Av3mkzDfP5BYQ3BDMxT+g0jVLjIYwaNom8yyTZDl/XBc3Bztkt8Q93ltZog3mbvJdWVL7TXjMTd7lq2iVga1+mebXuiOivAfWx58KVYzbWDYKavKLSt8X23bUfyYC/XAjxFRO7Y6f9n/5+aBZeO7eLx3D8P/n6M05hXqG2jv9YoIDaf9IM9jYGBUkh0OTR0j7r8wPGHbVqj5cUuHdComfH+hS/ELWnWrDbIShtiX+ToSGkIxMl2XyxRzy7EgSi+uFLQ7wpt1mrWb37GMt5DlNrNZCCvIra0tGSZet+7aLfRfOJaHxQgYfHMbmGMXrPWapj+pBH2GoAox4HiyHVzEF89FUefTLKiUo3IS9RA2L1RXwISVZ2NG8xt3koYOsw9QL+LAykmow8Z2d4rH0qUdglKOgQqNGi2c+GTUgew157WWzfQ9MwqcdRYK1zbaofisAt+LhuTke1699iOaPVmdal2xj8eUiH6RQq1UoZ8yjTeoC3SjNVR8OjtExb6arigDIKtQJwJLMmeyEnvDeAa9+xI4rD7Mr8O9n3DLnQLIFd6pQZ7c13shL9j10Kz3EQQG0CvryFZ5szX65eimwoslpHPSzO7kvvgoPGFnZZQsndVKZcgVubmSHQ5Nmn6w==",
            "tags": null,
            "tags_all": {}
          },
          "sensitive_attributes": [],
          "private": "eyJzY2hlbWFfdmVyc2lvbiI6IjEifQ==",
          "dependencies": [
            "module.aws-ec2-free-tier.tls_private_key.rsa"
          ]
        }
      ]
    },
    {
      "module": "module.aws-ec2-free-tier",
      "mode": "managed",
      "type": "local_file",
      "name": "aws_tf_key",
      "provider": "provider[\"registry.terraform.io/hashicorp/local\"]",
      "instances": [
        {
          "schema_version": 0,
          "attributes": {
            "content": "-----BEGIN RSA PRIVATE KEY-----\nMIIJKQIBAAKCAgEAwUTQoS5P6eUXlTzYQ6SIqIfWMHudRfbI7/JuZQKuCEk10eNg\nL95pMw3z+QWENwQzMU/oNI1S4yGMGjaJvMsk2Q5f1wXNwc7ZLfEPd5bWaIN5m7yX\nVlS+014zE3e5atolYGtfpnm17ojorwH1sefClWM21g2Cmryi0rfF9t21H8mAv1wI\n8RUTu2On/Z/+fmgWXju3i8dw/D/5+jNOYV6hto7/WKCA2n/SDPY2BgVJIdDk0dI+\n6/MDxh21ao+XFLh3QqJnx/oUvxC1p1qw2yEobYl/k6EhpCMTJdl8sUc8uxIEovrh\nS0O8KbdZq1m9+xjLeQ5TazWQgryK2tLRkmXrfu2i30XziWh8UIGHxzG5hjF6z1mq\nY/qQR9hqAKMeB4sh1cxBfPRVHn0yyolKNyEvUQNi9UV8CElWdjRvMbd5KGDrMPUC\n/iwMpJqMPGdneKx9KlHYJSjoEKjRotnPhk1IHsNee1ls30PTMKnHUWCtc22qH4rA\nLfi4bk5HtevfYjmj1ZnWpdsY/HlIh+kUKtVKGfMo03qAt0ozVUfDo7RMW+mq4oAy\nCrUCcCSzJnshJ7w3gGvfsSOKw+zK/DvZ9wy50CyBXeqUGe3Nd7IS/Y9dCs9xEEBt\nAr68hWebM1+uXopsKLJaRz0szu5L74KDxhZ2WULJ3VSmXIFbm5kh0OTZp+sCAwEA\nAQKCAgBzyuf4ecfVSbWca0zjEhPybRgOCjHLNjVjVWuAx18/haViMAl0BJwgw45V\nt1FkqPaG5+omejmb7YCEQAK8AzX7edo/+LEzGdwS42ex7cRd78+PWCmPxsxh1QFi\n+4sykqpsH0i6dBdlZ8+I8vKieUmiuUOkcYm7baNb/lD0PBcFiXPCssCEuG0PC4Ed\nupr+XxxvrvWkIIT4DNiXZ9/hBJJ8zyX7koZA4u4VZ/osF0SepwpBD+c09G9hZnFH\n++m3t2F0odrt/E4rvzYmo3Zsg2w2XHf8GkEOlxkkxy4nBJhFOGFgyFDtCBMXJ0vp\nFqZ1Z4CY8dVW2UvQmGfU/RQk0z2IzhgqB587FN84gI6MB2PUCjiKjyRK7QMYSXsu\nUMHaxFAsA3JWR/l83ap0lFYHBDC9S8t4qX2hLoBKx4Y7l13qzxlt4FdEb3PN+3Vh\nEJylDLznBKiB664tUJzL73A4xejRVbdA+itSggrh1UuThj61wj59TVq4XSw9fV8g\ncNwa4jY+Lcu8XiuIWWwk7J2ZMA3Bs5EKMlTb4fJEIzSewLFm9XMjjtU3TLUTHtfy\nNMQ/aGKSqxcDIpZ3SJ0BIfwXRAi5QOmM7gZwtbkxFZvH8azMnCIDZH1udx+rBWbE\n/V9AMVaVswRDqOyYex8ujCI6x+ojzcddOf2BGZoe0vH6j96eGQKCAQEAzGXn2XHD\nGMD6/aO0soPiuYkRZ/jMTB83i96PMFEqomUqUwVPGS3kfGhc/S4MrUWhICA/diop\nMWe+LPOBFf6sJKKCKcVW9b8MfQtA+zvGIa+FUR9M9uuN7Ze8C73+nIEZCEy15LpP\nNe/AB39UF3yh2DfrZwLLYM5ewRbCn+JuZoS+SSjm1ni0kekK3aAEEhCGYGDuxfuO\nqNxcSgRsJXLEhgWEy9xnWxXRSRoWJvAZPHCmo+wB1WsOGdEVNcLlpF7lhaalKuGf\ntQb75hsT6K/H/fMRo7FCye68IUHOcSM4PkxVtw9F/4WuZJYAmbF4e5RwI0540SUX\nYcuMt+A5JsAqHwKCAQEA8g+iLcjlAzT3C3NGn4XInjfgfPN82bakGwzCGvU150A5\nZ9aEg+Z1vIu+tQfmZc46oCkJ7AtNosgX/tF6DLMl0mnwwZjcMaB4mMjOrwh8due5\nr74g2Bw6wrklHPhXuTd7GML7RHz3LPI79ZNVWZskwdZ7Li2HDYcPTL7Xj8pcRr/S\nOX0Cc/ckC5FWKzH6Cf2+7zhjOC/q3OdXDJ7Eq6jzC6rIsCMihT710cdVoTUDVUY4\noHaqh10iVtStEBVgs12TJuKPO8XqKMATbCyBHA+cQDoYDJnukbi4RU0GDgNYUD1g\nzzgogHj9h0fu7U1TachIe2xTSTuUSuRS4zT5P0ggtQKCAQAmlTnttua//nWieUt7\nwx+CLFiHytQtrlra4TkgQsIMg5I4t7DVrO8LeNvMwuuLrbAbk1rHYHAELnQcoh6E\n21z9UVvGrMScgOLHm985TXA6HZrJ1GG/3nkdF15czRGJ02i5Q1m2gmC/arFR+PwT\nrugSG4QpHsLrVClYw4Ybji+O1JHi14CzjXdwb5Aog7MhAdOLz+BiqPil8WrOYgVU\nEFT+g34syT8NV5H4/Z6e3QW2fgFGwh8afSndP7WEP3T/0RX8Y5eb/5kZH+de6U+Z\nxcy3qDF1N9nGqnUCxhxFCQPt5pTriEuLT127CQG2AWUf1sZQM9jkid7fDABVGVNQ\neEe7AoIBAQDq1EXWuw2Jdemw/w1llulQrQ6oyaK2p5w+7bqlYnv/s2u9k/wM5hgU\naVIC1/4ph8+SLx4EE9cmc43r1JbeGTI5FjPN7Ri5QF+egTkZz1bIF/gpSX8diQ1s\neSdLGpYoBm3yUL5o6/7zaLDIhj2H553aOtRXsS1S71LldkMzqPKqZE9zHBa0H++l\nFUMONrbG2JdSBlcjXEEyO3BUuvY7PnVDPVTio8NKlxDtib9F3GM2aCBpc5XuKmk0\n6bBXaRXeDIrEb4jbSR7ol6aADBDZAz/ngzRvjSpHzndeK+IS2CXl+hWgEnAgasAy\nbJObPagNeJLwwd9urVEo8qaC65JeVP/9AoIBAQC7NuZJZeeIvmRSSOfwfqsbSD7S\nxlGWLPLPprnNtJngTRBzoIk5DZZnUw+SgazqrGk9C/OFDvaFCf8WidOVmv9zPi1t\nsgzn+jhp7TUxmLIhAe/W542mom5WduLPjcmoYPNEtBZj7Ddww+1b+dz3VD6haRwa\nN5SLmDxnPOYa7QfVTaNpjmKP2cY0R7VbkikNUX4QFM2Fuw+mjiTLsaJ4vIq6dRhM\nt2mQq/RuTC49WCJH8GWcaOuNpMKm8EUYfm7g60RQJ7/hyj8XtQ5fv1cGE7tfbMTb\n5eJM1fwnZcu8tKpwLd6STgNStEL4NhNYWklELVinTAHfeiDqSzJTG/8d+Uzi\n-----END RSA PRIVATE KEY-----\n",
            "content_base64": null,
            "content_base64sha256": "GWdI2iI0gXjCgk5RIXEj1xRa94Qi/47reHekmFTBcnU=",
            "content_base64sha512": "jim4xNkWX/EVAjACB6+IvKnCXRn/AiNgINhfCTBpMh5gZF5Uvz4g3vRxlr349nsa9bp1YRODcfn4lidfncGfNA==",
            "content_md5": "02f9471b6c950f412b1e804e72ee0eae",
            "content_sha1": "8093aa39e497704348a6b9d76e633b913f43d24d",
            "content_sha256": "196748da22348178c2824e51217123d7145af78422ff8eeb7877a49854c17275",
            "content_sha512": "8e29b8c4d9165ff11502300207af88bca9c25d19ff02236020d85f093069321e60645e54bf3e20def47196bdf8f67b1af5ba7561138371f9f896275f9dc19f34",
            "directory_permission": "0777",
            "file_permission": "0777",
            "filename": "aws_tf_key.pem",
            "id": "8093aa39e497704348a6b9d76e633b913f43d24d",
            "sensitive_content": null,
            "source": null
          },
          "sensitive_attributes": [
            [
              {
                "type": "get_attr",
                "value": "content"
              }
            ],
            [
              {
                "type": "get_attr",
                "value": "sensitive_content"
              }
            ]
          ],
          "dependencies": [
            "module.aws-ec2-free-tier.tls_private_key.rsa"
          ]
        }
      ]
    },
    {
      "module": "module.aws-ec2-free-tier",
      "mode": "managed",
      "type": "tls_private_key",
      "name": "rsa",
      "provider": "provider[\"registry.terraform.io/hashicorp/tls\"]",
      "instances": [
        {
          "schema_version": 1,
          "attributes": {
            "algorithm": "RSA",
            "ecdsa_curve": "P224",
            "id": "f94594fd8117edbe37577af90f4ebb987c7dde8c",
            "private_key_openssh": "-----BEGIN OPENSSH PRIVATE KEY-----\nb3BlbnNzaC1rZXktdjEAAAAABG5vbmUAAAAEbm9uZQAAAAAAAAABAAACFwAAAAdz\nc2gtcnNhAAAAAwEAAQAAAgEAwUTQoS5P6eUXlTzYQ6SIqIfWMHudRfbI7/JuZQKu\nCEk10eNgL95pMw3z+QWENwQzMU/oNI1S4yGMGjaJvMsk2Q5f1wXNwc7ZLfEPd5bW\naIN5m7yXVlS+014zE3e5atolYGtfpnm17ojorwH1sefClWM21g2Cmryi0rfF9t21\nH8mAv1wI8RUTu2On/Z/+fmgWXju3i8dw/D/5+jNOYV6hto7/WKCA2n/SDPY2BgVJ\nIdDk0dI+6/MDxh21ao+XFLh3QqJnx/oUvxC1p1qw2yEobYl/k6EhpCMTJdl8sUc8\nuxIEovrhS0O8KbdZq1m9+xjLeQ5TazWQgryK2tLRkmXrfu2i30XziWh8UIGHxzG5\nhjF6z1mqY/qQR9hqAKMeB4sh1cxBfPRVHn0yyolKNyEvUQNi9UV8CElWdjRvMbd5\nKGDrMPUC/iwMpJqMPGdneKx9KlHYJSjoEKjRotnPhk1IHsNee1ls30PTMKnHUWCt\nc22qH4rALfi4bk5HtevfYjmj1ZnWpdsY/HlIh+kUKtVKGfMo03qAt0ozVUfDo7RM\nW+mq4oAyCrUCcCSzJnshJ7w3gGvfsSOKw+zK/DvZ9wy50CyBXeqUGe3Nd7IS/Y9d\nCs9xEEBtAr68hWebM1+uXopsKLJaRz0szu5L74KDxhZ2WULJ3VSmXIFbm5kh0OTZ\np+sAAAc4Iiu7OyIruzsAAAAHc3NoLXJzYQAAAgEAwUTQoS5P6eUXlTzYQ6SIqIfW\nMHudRfbI7/JuZQKuCEk10eNgL95pMw3z+QWENwQzMU/oNI1S4yGMGjaJvMsk2Q5f\n1wXNwc7ZLfEPd5bWaIN5m7yXVlS+014zE3e5atolYGtfpnm17ojorwH1sefClWM2\n1g2Cmryi0rfF9t21H8mAv1wI8RUTu2On/Z/+fmgWXju3i8dw/D/5+jNOYV6hto7/\nWKCA2n/SDPY2BgVJIdDk0dI+6/MDxh21ao+XFLh3QqJnx/oUvxC1p1qw2yEobYl/\nk6EhpCMTJdl8sUc8uxIEovrhS0O8KbdZq1m9+xjLeQ5TazWQgryK2tLRkmXrfu2i\n30XziWh8UIGHxzG5hjF6z1mqY/qQR9hqAKMeB4sh1cxBfPRVHn0yyolKNyEvUQNi\n9UV8CElWdjRvMbd5KGDrMPUC/iwMpJqMPGdneKx9KlHYJSjoEKjRotnPhk1IHsNe\ne1ls30PTMKnHUWCtc22qH4rALfi4bk5HtevfYjmj1ZnWpdsY/HlIh+kUKtVKGfMo\n03qAt0ozVUfDo7RMW+mq4oAyCrUCcCSzJnshJ7w3gGvfsSOKw+zK/DvZ9wy50CyB\nXeqUGe3Nd7IS/Y9dCs9xEEBtAr68hWebM1+uXopsKLJaRz0szu5L74KDxhZ2WULJ\n3VSmXIFbm5kh0OTZp+sAAAADAQABAAACAHPK5/h5x9VJtZxrTOMSE/JtGA4KMcs2\nNWNVa4DHXz+FpWIwCXQEnCDDjlW3UWSo9obn6iZ6OZvtgIRAArwDNft52j/4sTMZ\n3BLjZ7HtxF3vz49YKY/GzGHVAWL7izKSqmwfSLp0F2Vnz4jy8qJ5SaK5Q6Rxibtt\no1v+UPQ8FwWJc8KywIS4bQ8LgR26mv5fHG+u9aQghPgM2Jdn3+EEknzPJfuShkDi\n7hVn+iwXRJ6nCkEP5zT0b2FmcUf76be3YXSh2u38Tiu/NiajdmyDbDZcd/waQQ6X\nGSTHLicEmEU4YWDIUO0IExcnS+kWpnVngJjx1VbZS9CYZ9T9FCTTPYjOGCoHnzsU\n3ziAjowHY9QKOIqPJErtAxhJey5QwdrEUCwDclZH+XzdqnSUVgcEML1Ly3ipfaEu\ngErHhjuXXerPGW3gV0Rvc837dWEQnKUMvOcEqIHrri1QnMvvcDjF6NFVt0D6K1KC\nCuHVS5OGPrXCPn1NWrhdLD19XyBw3BriNj4ty7xeK4hZbCTsnZkwDcGzkQoyVNvh\n8kQjNJ7AsWb1cyOO1TdMtRMe1/I0xD9oYpKrFwMilndInQEh/BdECLlA6YzuBnC1\nuTEVm8fxrMycIgNkfW53H6sFZsT9X0AxVpWzBEOo7Jh7Hy6MIjrH6iPNx105/YEZ\nmh7S8fqP3p4ZAAABAQC7NuZJZeeIvmRSSOfwfqsbSD7SxlGWLPLPprnNtJngTRBz\noIk5DZZnUw+SgazqrGk9C/OFDvaFCf8WidOVmv9zPi1tsgzn+jhp7TUxmLIhAe/W\n542mom5WduLPjcmoYPNEtBZj7Ddww+1b+dz3VD6haRwaN5SLmDxnPOYa7QfVTaNp\njmKP2cY0R7VbkikNUX4QFM2Fuw+mjiTLsaJ4vIq6dRhMt2mQq/RuTC49WCJH8GWc\naOuNpMKm8EUYfm7g60RQJ7/hyj8XtQ5fv1cGE7tfbMTb5eJM1fwnZcu8tKpwLd6S\nTgNStEL4NhNYWklELVinTAHfeiDqSzJTG/8d+UziAAABAQDMZefZccMYwPr9o7Sy\ng+K5iRFn+MxMHzeL3o8wUSqiZSpTBU8ZLeR8aFz9LgytRaEgID92KikxZ74s84EV\n/qwkooIpxVb1vwx9C0D7O8Yhr4VRH0z2643tl7wLvf6cgRkITLXkuk8178AHf1QX\nfKHYN+tnAstgzl7BFsKf4m5mhL5JKObWeLSR6QrdoAQSEIZgYO7F+46o3FxKBGwl\ncsSGBYTL3GdbFdFJGhYm8Bk8cKaj7AHVaw4Z0RU1wuWkXuWFpqUq4Z+1BvvmGxPo\nr8f98xGjsULJ7rwhQc5xIzg+TFW3D0X/ha5klgCZsXh7lHAjTnjRJRdhy4y34Dkm\nwCofAAABAQDyD6ItyOUDNPcLc0afhcieN+B883zZtqQbDMIa9TXnQDln1oSD5nW8\ni761B+ZlzjqgKQnsC02iyBf+0XoMsyXSafDBmNwxoHiYyM6vCHx257mvviDYHDrC\nuSUc+Fe5N3sYwvtEfPcs8jv1k1VZmyTB1nsuLYcNhw9MvtePylxGv9I5fQJz9yQL\nkVYrMfoJ/b7vOGM4L+rc51cMnsSrqPMLqsiwIyKFPvXRx1WhNQNVRjigdqqHXSJW\n1K0QFWCzXZMm4o87xeoowBNsLIEcD5xAOhgMme6RuLhFTQYOA1hQPWDPOCiAeP2H\nR+7tTVNpyEh7bFNJO5RK5FLjNPk/SCC1AAAAAAEC\n-----END OPENSSH PRIVATE KEY-----\n",
            "private_key_pem": "-----BEGIN RSA PRIVATE KEY-----\nMIIJKQIBAAKCAgEAwUTQoS5P6eUXlTzYQ6SIqIfWMHudRfbI7/JuZQKuCEk10eNg\nL95pMw3z+QWENwQzMU/oNI1S4yGMGjaJvMsk2Q5f1wXNwc7ZLfEPd5bWaIN5m7yX\nVlS+014zE3e5atolYGtfpnm17ojorwH1sefClWM21g2Cmryi0rfF9t21H8mAv1wI\n8RUTu2On/Z/+fmgWXju3i8dw/D/5+jNOYV6hto7/WKCA2n/SDPY2BgVJIdDk0dI+\n6/MDxh21ao+XFLh3QqJnx/oUvxC1p1qw2yEobYl/k6EhpCMTJdl8sUc8uxIEovrh\nS0O8KbdZq1m9+xjLeQ5TazWQgryK2tLRkmXrfu2i30XziWh8UIGHxzG5hjF6z1mq\nY/qQR9hqAKMeB4sh1cxBfPRVHn0yyolKNyEvUQNi9UV8CElWdjRvMbd5KGDrMPUC\n/iwMpJqMPGdneKx9KlHYJSjoEKjRotnPhk1IHsNee1ls30PTMKnHUWCtc22qH4rA\nLfi4bk5HtevfYjmj1ZnWpdsY/HlIh+kUKtVKGfMo03qAt0ozVUfDo7RMW+mq4oAy\nCrUCcCSzJnshJ7w3gGvfsSOKw+zK/DvZ9wy50CyBXeqUGe3Nd7IS/Y9dCs9xEEBt\nAr68hWebM1+uXopsKLJaRz0szu5L74KDxhZ2WULJ3VSmXIFbm5kh0OTZp+sCAwEA\nAQKCAgBzyuf4ecfVSbWca0zjEhPybRgOCjHLNjVjVWuAx18/haViMAl0BJwgw45V\nt1FkqPaG5+omejmb7YCEQAK8AzX7edo/+LEzGdwS42ex7cRd78+PWCmPxsxh1QFi\n+4sykqpsH0i6dBdlZ8+I8vKieUmiuUOkcYm7baNb/lD0PBcFiXPCssCEuG0PC4Ed\nupr+XxxvrvWkIIT4DNiXZ9/hBJJ8zyX7koZA4u4VZ/osF0SepwpBD+c09G9hZnFH\n++m3t2F0odrt/E4rvzYmo3Zsg2w2XHf8GkEOlxkkxy4nBJhFOGFgyFDtCBMXJ0vp\nFqZ1Z4CY8dVW2UvQmGfU/RQk0z2IzhgqB587FN84gI6MB2PUCjiKjyRK7QMYSXsu\nUMHaxFAsA3JWR/l83ap0lFYHBDC9S8t4qX2hLoBKx4Y7l13qzxlt4FdEb3PN+3Vh\nEJylDLznBKiB664tUJzL73A4xejRVbdA+itSggrh1UuThj61wj59TVq4XSw9fV8g\ncNwa4jY+Lcu8XiuIWWwk7J2ZMA3Bs5EKMlTb4fJEIzSewLFm9XMjjtU3TLUTHtfy\nNMQ/aGKSqxcDIpZ3SJ0BIfwXRAi5QOmM7gZwtbkxFZvH8azMnCIDZH1udx+rBWbE\n/V9AMVaVswRDqOyYex8ujCI6x+ojzcddOf2BGZoe0vH6j96eGQKCAQEAzGXn2XHD\nGMD6/aO0soPiuYkRZ/jMTB83i96PMFEqomUqUwVPGS3kfGhc/S4MrUWhICA/diop\nMWe+LPOBFf6sJKKCKcVW9b8MfQtA+zvGIa+FUR9M9uuN7Ze8C73+nIEZCEy15LpP\nNe/AB39UF3yh2DfrZwLLYM5ewRbCn+JuZoS+SSjm1ni0kekK3aAEEhCGYGDuxfuO\nqNxcSgRsJXLEhgWEy9xnWxXRSRoWJvAZPHCmo+wB1WsOGdEVNcLlpF7lhaalKuGf\ntQb75hsT6K/H/fMRo7FCye68IUHOcSM4PkxVtw9F/4WuZJYAmbF4e5RwI0540SUX\nYcuMt+A5JsAqHwKCAQEA8g+iLcjlAzT3C3NGn4XInjfgfPN82bakGwzCGvU150A5\nZ9aEg+Z1vIu+tQfmZc46oCkJ7AtNosgX/tF6DLMl0mnwwZjcMaB4mMjOrwh8due5\nr74g2Bw6wrklHPhXuTd7GML7RHz3LPI79ZNVWZskwdZ7Li2HDYcPTL7Xj8pcRr/S\nOX0Cc/ckC5FWKzH6Cf2+7zhjOC/q3OdXDJ7Eq6jzC6rIsCMihT710cdVoTUDVUY4\noHaqh10iVtStEBVgs12TJuKPO8XqKMATbCyBHA+cQDoYDJnukbi4RU0GDgNYUD1g\nzzgogHj9h0fu7U1TachIe2xTSTuUSuRS4zT5P0ggtQKCAQAmlTnttua//nWieUt7\nwx+CLFiHytQtrlra4TkgQsIMg5I4t7DVrO8LeNvMwuuLrbAbk1rHYHAELnQcoh6E\n21z9UVvGrMScgOLHm985TXA6HZrJ1GG/3nkdF15czRGJ02i5Q1m2gmC/arFR+PwT\nrugSG4QpHsLrVClYw4Ybji+O1JHi14CzjXdwb5Aog7MhAdOLz+BiqPil8WrOYgVU\nEFT+g34syT8NV5H4/Z6e3QW2fgFGwh8afSndP7WEP3T/0RX8Y5eb/5kZH+de6U+Z\nxcy3qDF1N9nGqnUCxhxFCQPt5pTriEuLT127CQG2AWUf1sZQM9jkid7fDABVGVNQ\neEe7AoIBAQDq1EXWuw2Jdemw/w1llulQrQ6oyaK2p5w+7bqlYnv/s2u9k/wM5hgU\naVIC1/4ph8+SLx4EE9cmc43r1JbeGTI5FjPN7Ri5QF+egTkZz1bIF/gpSX8diQ1s\neSdLGpYoBm3yUL5o6/7zaLDIhj2H553aOtRXsS1S71LldkMzqPKqZE9zHBa0H++l\nFUMONrbG2JdSBlcjXEEyO3BUuvY7PnVDPVTio8NKlxDtib9F3GM2aCBpc5XuKmk0\n6bBXaRXeDIrEb4jbSR7ol6aADBDZAz/ngzRvjSpHzndeK+IS2CXl+hWgEnAgasAy\nbJObPagNeJLwwd9urVEo8qaC65JeVP/9AoIBAQC7NuZJZeeIvmRSSOfwfqsbSD7S\nxlGWLPLPprnNtJngTRBzoIk5DZZnUw+SgazqrGk9C/OFDvaFCf8WidOVmv9zPi1t\nsgzn+jhp7TUxmLIhAe/W542mom5WduLPjcmoYPNEtBZj7Ddww+1b+dz3VD6haRwa\nN5SLmDxnPOYa7QfVTaNpjmKP2cY0R7VbkikNUX4QFM2Fuw+mjiTLsaJ4vIq6dRhM\nt2mQq/RuTC49WCJH8GWcaOuNpMKm8EUYfm7g60RQJ7/hyj8XtQ5fv1cGE7tfbMTb\n5eJM1fwnZcu8tKpwLd6STgNStEL4NhNYWklELVinTAHfeiDqSzJTG/8d+Uzi\n-----END RSA PRIVATE KEY-----\n",
            "private_key_pem_pkcs8": "-----BEGIN PRIVATE KEY-----\nMIIJQwIBADANBgkqhkiG9w0BAQEFAASCCS0wggkpAgEAAoICAQDBRNChLk/p5ReV\nPNhDpIioh9Ywe51F9sjv8m5lAq4ISTXR42Av3mkzDfP5BYQ3BDMxT+g0jVLjIYwa\nNom8yyTZDl/XBc3Bztkt8Q93ltZog3mbvJdWVL7TXjMTd7lq2iVga1+mebXuiOiv\nAfWx58KVYzbWDYKavKLSt8X23bUfyYC/XAjxFRO7Y6f9n/5+aBZeO7eLx3D8P/n6\nM05hXqG2jv9YoIDaf9IM9jYGBUkh0OTR0j7r8wPGHbVqj5cUuHdComfH+hS/ELWn\nWrDbIShtiX+ToSGkIxMl2XyxRzy7EgSi+uFLQ7wpt1mrWb37GMt5DlNrNZCCvIra\n0tGSZet+7aLfRfOJaHxQgYfHMbmGMXrPWapj+pBH2GoAox4HiyHVzEF89FUefTLK\niUo3IS9RA2L1RXwISVZ2NG8xt3koYOsw9QL+LAykmow8Z2d4rH0qUdglKOgQqNGi\n2c+GTUgew157WWzfQ9MwqcdRYK1zbaofisAt+LhuTke1699iOaPVmdal2xj8eUiH\n6RQq1UoZ8yjTeoC3SjNVR8OjtExb6arigDIKtQJwJLMmeyEnvDeAa9+xI4rD7Mr8\nO9n3DLnQLIFd6pQZ7c13shL9j10Kz3EQQG0CvryFZ5szX65eimwoslpHPSzO7kvv\ngoPGFnZZQsndVKZcgVubmSHQ5Nmn6wIDAQABAoICAHPK5/h5x9VJtZxrTOMSE/Jt\nGA4KMcs2NWNVa4DHXz+FpWIwCXQEnCDDjlW3UWSo9obn6iZ6OZvtgIRAArwDNft5\n2j/4sTMZ3BLjZ7HtxF3vz49YKY/GzGHVAWL7izKSqmwfSLp0F2Vnz4jy8qJ5SaK5\nQ6Rxibtto1v+UPQ8FwWJc8KywIS4bQ8LgR26mv5fHG+u9aQghPgM2Jdn3+EEknzP\nJfuShkDi7hVn+iwXRJ6nCkEP5zT0b2FmcUf76be3YXSh2u38Tiu/NiajdmyDbDZc\nd/waQQ6XGSTHLicEmEU4YWDIUO0IExcnS+kWpnVngJjx1VbZS9CYZ9T9FCTTPYjO\nGCoHnzsU3ziAjowHY9QKOIqPJErtAxhJey5QwdrEUCwDclZH+XzdqnSUVgcEML1L\ny3ipfaEugErHhjuXXerPGW3gV0Rvc837dWEQnKUMvOcEqIHrri1QnMvvcDjF6NFV\nt0D6K1KCCuHVS5OGPrXCPn1NWrhdLD19XyBw3BriNj4ty7xeK4hZbCTsnZkwDcGz\nkQoyVNvh8kQjNJ7AsWb1cyOO1TdMtRMe1/I0xD9oYpKrFwMilndInQEh/BdECLlA\n6YzuBnC1uTEVm8fxrMycIgNkfW53H6sFZsT9X0AxVpWzBEOo7Jh7Hy6MIjrH6iPN\nx105/YEZmh7S8fqP3p4ZAoIBAQDMZefZccMYwPr9o7Syg+K5iRFn+MxMHzeL3o8w\nUSqiZSpTBU8ZLeR8aFz9LgytRaEgID92KikxZ74s84EV/qwkooIpxVb1vwx9C0D7\nO8Yhr4VRH0z2643tl7wLvf6cgRkITLXkuk8178AHf1QXfKHYN+tnAstgzl7BFsKf\n4m5mhL5JKObWeLSR6QrdoAQSEIZgYO7F+46o3FxKBGwlcsSGBYTL3GdbFdFJGhYm\n8Bk8cKaj7AHVaw4Z0RU1wuWkXuWFpqUq4Z+1BvvmGxPor8f98xGjsULJ7rwhQc5x\nIzg+TFW3D0X/ha5klgCZsXh7lHAjTnjRJRdhy4y34DkmwCofAoIBAQDyD6ItyOUD\nNPcLc0afhcieN+B883zZtqQbDMIa9TXnQDln1oSD5nW8i761B+ZlzjqgKQnsC02i\nyBf+0XoMsyXSafDBmNwxoHiYyM6vCHx257mvviDYHDrCuSUc+Fe5N3sYwvtEfPcs\n8jv1k1VZmyTB1nsuLYcNhw9MvtePylxGv9I5fQJz9yQLkVYrMfoJ/b7vOGM4L+rc\n51cMnsSrqPMLqsiwIyKFPvXRx1WhNQNVRjigdqqHXSJW1K0QFWCzXZMm4o87xeoo\nwBNsLIEcD5xAOhgMme6RuLhFTQYOA1hQPWDPOCiAeP2HR+7tTVNpyEh7bFNJO5RK\n5FLjNPk/SCC1AoIBACaVOe225r/+daJ5S3vDH4IsWIfK1C2uWtrhOSBCwgyDkji3\nsNWs7wt428zC64utsBuTWsdgcAQudByiHoTbXP1RW8asxJyA4seb3zlNcDodmsnU\nYb/eeR0XXlzNEYnTaLlDWbaCYL9qsVH4/BOu6BIbhCkewutUKVjDhhuOL47UkeLX\ngLONd3BvkCiDsyEB04vP4GKo+KXxas5iBVQQVP6DfizJPw1Xkfj9np7dBbZ+AUbC\nHxp9Kd0/tYQ/dP/RFfxjl5v/mRkf517pT5nFzLeoMXU32caqdQLGHEUJA+3mlOuI\nS4tPXbsJAbYBZR/WxlAz2OSJ3t8MAFUZU1B4R7sCggEBAOrURda7DYl16bD/DWWW\n6VCtDqjJorannD7tuqVie/+za72T/AzmGBRpUgLX/imHz5IvHgQT1yZzjevUlt4Z\nMjkWM83tGLlAX56BORnPVsgX+ClJfx2JDWx5J0saligGbfJQvmjr/vNosMiGPYfn\nndo61FexLVLvUuV2QzOo8qpkT3McFrQf76UVQw42tsbYl1IGVyNcQTI7cFS69js+\ndUM9VOKjw0qXEO2Jv0XcYzZoIGlzle4qaTTpsFdpFd4MisRviNtJHuiXpoAMENkD\nP+eDNG+NKkfOd14r4hLYJeX6FaAScCBqwDJsk5s9qA14kvDB326tUSjypoLrkl5U\n//0CggEBALs25kll54i+ZFJI5/B+qxtIPtLGUZYs8s+muc20meBNEHOgiTkNlmdT\nD5KBrOqsaT0L84UO9oUJ/xaJ05Wa/3M+LW2yDOf6OGntNTGYsiEB79bnjaaiblZ2\n4s+Nyahg80S0FmPsN3DD7Vv53PdUPqFpHBo3lIuYPGc85hrtB9VNo2mOYo/ZxjRH\ntVuSKQ1RfhAUzYW7D6aOJMuxoni8irp1GEy3aZCr9G5MLj1YIkfwZZxo642kwqbw\nRRh+buDrRFAnv+HKPxe1Dl+/VwYTu19sxNvl4kzV/Cdly7y0qnAt3pJOA1K0Qvg2\nE1haSUQtWKdMAd96IOpLMlMb/x35TOI=\n-----END PRIVATE KEY-----\n",
            "public_key_fingerprint_md5": "74:c7:12:56:52:be:cc:a4:f9:5a:7d:4a:40:e6:05:0a",
            "public_key_fingerprint_sha256": "SHA256:gAEh/ZuGTSkr2jXLhHjfNkd8eRWNjHhQM9fQ5wqRXpQ",
            "public_key_openssh": "ssh-rsa AAAAB3NzaC1yc2EAAAADAQABAAACAQDBRNChLk/p5ReVPNhDpIioh9Ywe51F9sjv8m5lAq4ISTXR42Av3mkzDfP5BYQ3BDMxT+g0jVLjIYwaNom8yyTZDl/XBc3Bztkt8Q93ltZog3mbvJdWVL7TXjMTd7lq2iVga1+mebXuiOivAfWx58KVYzbWDYKavKLSt8X23bUfyYC/XAjxFRO7Y6f9n/5+aBZeO7eLx3D8P/n6M05hXqG2jv9YoIDaf9IM9jYGBUkh0OTR0j7r8wPGHbVqj5cUuHdComfH+hS/ELWnWrDbIShtiX+ToSGkIxMl2XyxRzy7EgSi+uFLQ7wpt1mrWb37GMt5DlNrNZCCvIra0tGSZet+7aLfRfOJaHxQgYfHMbmGMXrPWapj+pBH2GoAox4HiyHVzEF89FUefTLKiUo3IS9RA2L1RXwISVZ2NG8xt3koYOsw9QL+LAykmow8Z2d4rH0qUdglKOgQqNGi2c+GTUgew157WWzfQ9MwqcdRYK1zbaofisAt+LhuTke1699iOaPVmdal2xj8eUiH6RQq1UoZ8yjTeoC3SjNVR8OjtExb6arigDIKtQJwJLMmeyEnvDeAa9+xI4rD7Mr8O9n3DLnQLIFd6pQZ7c13shL9j10Kz3EQQG0CvryFZ5szX65eimwoslpHPSzO7kvvgoPGFnZZQsndVKZcgVubmSHQ5Nmn6w==\n",
            "public_key_pem": "-----BEGIN PUBLIC KEY-----\nMIICIjANBgkqhkiG9w0BAQEFAAOCAg8AMIICCgKCAgEAwUTQoS5P6eUXlTzYQ6SI\nqIfWMHudRfbI7/JuZQKuCEk10eNgL95pMw3z+QWENwQzMU/oNI1S4yGMGjaJvMsk\n2Q5f1wXNwc7ZLfEPd5bWaIN5m7yXVlS+014zE3e5atolYGtfpnm17ojorwH1sefC\nlWM21g2Cmryi0rfF9t21H8mAv1wI8RUTu2On/Z/+fmgWXju3i8dw/D/5+jNOYV6h\nto7/WKCA2n/SDPY2BgVJIdDk0dI+6/MDxh21ao+XFLh3QqJnx/oUvxC1p1qw2yEo\nbYl/k6EhpCMTJdl8sUc8uxIEovrhS0O8KbdZq1m9+xjLeQ5TazWQgryK2tLRkmXr\nfu2i30XziWh8UIGHxzG5hjF6z1mqY/qQR9hqAKMeB4sh1cxBfPRVHn0yyolKNyEv\nUQNi9UV8CElWdjRvMbd5KGDrMPUC/iwMpJqMPGdneKx9KlHYJSjoEKjRotnPhk1I\nHsNee1ls30PTMKnHUWCtc22qH4rALfi4bk5HtevfYjmj1ZnWpdsY/HlIh+kUKtVK\nGfMo03qAt0ozVUfDo7RMW+mq4oAyCrUCcCSzJnshJ7w3gGvfsSOKw+zK/DvZ9wy5\n0CyBXeqUGe3Nd7IS/Y9dCs9xEEBtAr68hWebM1+uXopsKLJaRz0szu5L74KDxhZ2\nWULJ3VSmXIFbm5kh0OTZp+sCAwEAAQ==\n-----END PUBLIC KEY-----\n",
            "rsa_bits": 4096
          },
          "sensitive_attributes": [
            [
              {
                "type": "get_attr",
                "value": "private_key_openssh"
              }
            ],
            [
              {
                "type": "get_attr",
                "value": "private_key_pem"
              }
            ],
            [
              {
                "type": "get_attr",
                "value": "private_key_pem_pkcs8"
              }
            ]
          ]
        }
      ]
    },
    {
      "module": "module.aws-igw-free-tier",
      "mode": "managed",
      "type": "aws_internet_gateway",
      "name": "aws-igw-free-tier",
      "provider": "provider[\"registry.terraform.io/hashicorp/aws\"]",
      "instances": [
        {
          "schema_version": 0,
          "attributes": {
            "arn": "arn:aws:ec2:us-east-1:207567780191:internet-gateway/igw-04cdb5a6ab990e894",
            "id": "igw-04cdb5a6ab990e894",
            "owner_id": "207567780191",
            "tags": {
              "Name": "dev-igw-free-tier"
            },
            "tags_all": {
              "Name": "dev-igw-free-tier"
            },
            "timeouts": null,
            "vpc_id": "vpc-011693a104c4a8e82"
          },
          "sensitive_attributes": [],
          "private": "eyJlMmJmYjczMC1lY2FhLTExZTYtOGY4OC0zNDM2M2JjN2M0YzAiOnsiY3JlYXRlIjoxMjAwMDAwMDAwMDAwLCJkZWxldGUiOjEyMDAwMDAwMDAwMDAsInVwZGF0ZSI6MTIwMDAwMDAwMDAwMH19",
          "dependencies": [
            "module.aws-vpc-free-tier.aws_vpc.aws-vpc-free-tier"
          ]
        }
      ]
    },
    {
      "module": "module.aws-nacl-free-tier",
      "mode": "managed",
      "type": "aws_network_acl",
      "name": "aws-nacl-free-tier",
      "provider": "provider[\"registry.terraform.io/hashicorp/aws\"]",
      "instances": [
        {
          "schema_version": 0,
          "attributes": {
            "arn": "arn:aws:ec2:us-east-1:207567780191:network-acl/acl-0c4a70a387253fe54",
            "egress": [
              {
                "action": "allow",
                "cidr_block": "0.0.0.0/0",
                "from_port": 0,
                "icmp_code": null,
                "icmp_type": null,
                "ipv6_cidr_block": "",
                "protocol": "-1",
                "rule_no": 100,
                "to_port": 0
              }
            ],
            "id": "acl-0c4a70a387253fe54",
            "ingress": [
              {
                "action": "allow",
                "cidr_block": "0.0.0.0/0",
                "from_port": 0,
                "icmp_code": null,
                "icmp_type": null,
                "ipv6_cidr_block": "",
                "protocol": "-1",
                "rule_no": 100,
                "to_port": 0
              }
            ],
            "owner_id": "207567780191",
            "subnet_ids": [],
            "tags": {
              "Name": "dev-nacl-free-tier"
            },
            "tags_all": {
              "Name": "dev-nacl-free-tier"
            },
            "vpc_id": "vpc-011693a104c4a8e82"
          },
          "sensitive_attributes": [],
          "private": "bnVsbA==",
          "dependencies": [
            "module.aws-vpc-free-tier.aws_vpc.aws-vpc-free-tier"
          ]
        }
      ]
    },
    {
      "module": "module.aws-nacl-free-tier",
      "mode": "managed",
      "type": "aws_network_acl_association",
      "name": "a1-nacl-subnet",
      "provider": "provider[\"registry.terraform.io/hashicorp/aws\"]",
      "instances": [
        {
          "schema_version": 0,
          "attributes": {
            "id": "aclassoc-08180fb7801f65ce2",
            "network_acl_id": "acl-0c4a70a387253fe54",
            "subnet_id": "subnet-028f165603e5bf4c8"
          },
          "sensitive_attributes": [],
          "private": "bnVsbA==",
          "dependencies": [
            "module.aws-nacl-free-tier.aws_network_acl.aws-nacl-free-tier",
            "module.aws-subnet-free-tier.aws_subnet.aws-subnet-public-us-east-1a",
            "module.aws-vpc-free-tier.aws_vpc.aws-vpc-free-tier"
          ]
        }
      ]
    },
    {
      "module": "module.aws-nacl-free-tier",
      "mode": "managed",
      "type": "aws_network_acl_association",
      "name": "a2-nacl-subnet",
      "provider": "provider[\"registry.terraform.io/hashicorp/aws\"]",
      "instances": [
        {
          "schema_version": 0,
          "attributes": {
            "id": "aclassoc-0d3e2a65599975cea",
            "network_acl_id": "acl-0c4a70a387253fe54",
            "subnet_id": "subnet-0f991d1a9da6f951f"
          },
          "sensitive_attributes": [],
          "private": "bnVsbA==",
          "dependencies": [
            "module.aws-nacl-free-tier.aws_network_acl.aws-nacl-free-tier",
            "module.aws-subnet-free-tier.aws_subnet.aws-subnet-public-us-east-1b",
            "module.aws-vpc-free-tier.aws_vpc.aws-vpc-free-tier"
          ]
        }
      ]
    },
    {
      "module": "module.aws-nacl-free-tier",
      "mode": "managed",
      "type": "aws_network_acl_association",
      "name": "a3-nacl-subnet",
      "provider": "provider[\"registry.terraform.io/hashicorp/aws\"]",
      "instances": [
        {
          "schema_version": 0,
          "attributes": {
            "id": "aclassoc-0450feaf67678268a",
            "network_acl_id": "acl-0c4a70a387253fe54",
            "subnet_id": "subnet-026fde435df704ab9"
          },
          "sensitive_attributes": [],
          "private": "bnVsbA==",
          "dependencies": [
            "module.aws-nacl-free-tier.aws_network_acl.aws-nacl-free-tier",
            "module.aws-subnet-free-tier.aws_subnet.aws-subnet-private-us-east-1a",
            "module.aws-vpc-free-tier.aws_vpc.aws-vpc-free-tier"
          ]
        }
      ]
    },
    {
      "module": "module.aws-nacl-free-tier",
      "mode": "managed",
      "type": "aws_network_acl_association",
      "name": "a4-nacl-subnet",
      "provider": "provider[\"registry.terraform.io/hashicorp/aws\"]",
      "instances": [
        {
          "schema_version": 0,
          "attributes": {
            "id": "aclassoc-07c41497fc767258a",
            "network_acl_id": "acl-0c4a70a387253fe54",
            "subnet_id": "subnet-08b63a1633ace4d16"
          },
          "sensitive_attributes": [],
          "private": "bnVsbA==",
          "dependencies": [
            "module.aws-nacl-free-tier.aws_network_acl.aws-nacl-free-tier",
            "module.aws-subnet-free-tier.aws_subnet.aws-subnet-private-us-east-1b",
            "module.aws-vpc-free-tier.aws_vpc.aws-vpc-free-tier"
          ]
        }
      ]
    },
    {
      "module": "module.aws-rds-mysql-free-tier.module.aws-rds-mysql-free-tier.module.db_instance",
      "mode": "data",
      "type": "aws_iam_policy_document",
      "name": "enhanced_monitoring",
      "provider": "module.aws-rds-mysql-free-tier.provider[\"registry.terraform.io/hashicorp/aws\"]",
      "instances": [
        {
          "schema_version": 0,
          "attributes": {
            "id": "76086537",
            "json": "{\n  \"Version\": \"2012-10-17\",\n  \"Statement\": [\n    {\n      \"Effect\": \"Allow\",\n      \"Action\": \"sts:AssumeRole\",\n      \"Principal\": {\n        \"Service\": \"monitoring.rds.amazonaws.com\"\n      }\n    }\n  ]\n}",
            "minified_json": "{\"Version\":\"2012-10-17\",\"Statement\":[{\"Effect\":\"Allow\",\"Action\":\"sts:AssumeRole\",\"Principal\":{\"Service\":\"monitoring.rds.amazonaws.com\"}}]}",
            "override_json": null,
            "override_policy_documents": null,
            "policy_id": null,
            "source_json": null,
            "source_policy_documents": null,
            "statement": [
              {
                "actions": [
                  "sts:AssumeRole"
                ],
                "condition": [],
                "effect": "Allow",
                "not_actions": [],
                "not_principals": [],
                "not_resources": [],
                "principals": [
                  {
                    "identifiers": [
                      "monitoring.rds.amazonaws.com"
                    ],
                    "type": "Service"
                  }
                ],
                "resources": [],
                "sid": ""
              }
            ],
            "version": "2012-10-17"
          },
          "sensitive_attributes": []
        }
      ]
    },
    {
      "module": "module.aws-rds-mysql-free-tier.module.aws-rds-mysql-free-tier.module.db_instance",
      "mode": "data",
      "type": "aws_partition",
      "name": "current",
      "provider": "module.aws-rds-mysql-free-tier.provider[\"registry.terraform.io/hashicorp/aws\"]",
      "instances": [
        {
          "schema_version": 0,
          "attributes": {
            "dns_suffix": "amazonaws.com",
            "id": "aws",
            "partition": "aws",
            "reverse_dns_prefix": "com.amazonaws"
          },
          "sensitive_attributes": []
        }
      ]
    },
    {
      "module": "module.aws-rds-mysql-free-tier.module.aws-rds-mysql-free-tier.module.db_instance",
      "mode": "managed",
      "type": "aws_db_instance",
      "name": "this",
      "provider": "module.aws-rds-mysql-free-tier.provider[\"registry.terraform.io/hashicorp/aws\"]",
      "instances": [
        {
          "index_key": 0,
          "schema_version": 2,
          "attributes": {
            "address": "minimal-mysql-db.cezasoymk8ru.us-east-1.rds.amazonaws.com",
            "allocated_storage": 10,
            "allow_major_version_upgrade": false,
            "apply_immediately": false,
            "arn": "arn:aws:rds:us-east-1:207567780191:db:minimal-mysql-db",
            "auto_minor_version_upgrade": true,
            "availability_zone": "us-east-1a",
            "backup_retention_period": 0,
            "backup_target": "region",
            "backup_window": "04:26-04:56",
            "blue_green_update": [],
            "ca_cert_identifier": "rds-ca-rsa2048-g1",
            "character_set_name": "",
            "copy_tags_to_snapshot": false,
            "custom_iam_instance_profile": "",
            "customer_owned_ip_enabled": false,
            "database_insights_mode": "standard",
            "db_name": "app_database",
            "db_subnet_group_name": "minimal-mysql-db-20250406052717823600000003",
            "dedicated_log_volume": false,
            "delete_automated_backups": true,
            "deletion_protection": false,
            "domain": "",
            "domain_auth_secret_arn": "",
            "domain_dns_ips": null,
            "domain_fqdn": "",
            "domain_iam_role_name": "",
            "domain_ou": "",
            "enabled_cloudwatch_logs_exports": null,
            "endpoint": "minimal-mysql-db.cezasoymk8ru.us-east-1.rds.amazonaws.com:3306",
            "engine": "mysql",
            "engine_lifecycle_support": "open-source-rds-extended-support",
            "engine_version": "8.0",
            "engine_version_actual": "8.0.40",
            "final_snapshot_identifier": null,
            "hosted_zone_id": "Z2R2ITUGPM61AM",
            "iam_database_authentication_enabled": true,
            "id": "db-JZYN42226O6DDBTPHGQJ2OTD4M",
            "identifier": "minimal-mysql-db",
            "identifier_prefix": "",
            "instance_class": "db.t4g.micro",
            "iops": 0,
            "kms_key_id": "arn:aws:kms:us-east-1:207567780191:key/a6e2a58b-94a3-4290-ae69-a94384d45be0",
            "latest_restorable_time": "",
            "license_model": "general-public-license",
            "listener_endpoint": [],
            "maintenance_window": "sat:10:22-sat:10:52",
            "manage_master_user_password": true,
            "master_user_secret": [
              {
                "kms_key_id": "arn:aws:kms:us-east-1:207567780191:key/037b4f05-f3ac-44ba-996d-312c8bc1444c",
                "secret_arn": "arn:aws:secretsmanager:us-east-1:207567780191:secret:rds!db-95fbeccc-23b0-4aa3-9904-a2800d1bf444-rkxf7l",
                "secret_status": "active"
              }
            ],
            "master_user_secret_kms_key_id": null,
            "max_allocated_storage": 0,
            "monitoring_interval": 0,
            "monitoring_role_arn": "",
            "multi_az": false,
            "nchar_character_set_name": "",
            "network_type": "IPV4",
            "option_group_name": "minimal-mysql-db-20250406052704659800000001",
            "parameter_group_name": "minimal-mysql-db-20250406052704677100000002",
            "password": null,
            "password_wo": null,
            "password_wo_version": null,
            "performance_insights_enabled": false,
            "performance_insights_kms_key_id": "",
            "performance_insights_retention_period": 0,
            "port": 3306,
            "publicly_accessible": false,
            "replica_mode": "",
            "replicas": [],
            "replicate_source_db": "",
            "resource_id": "db-JZYN42226O6DDBTPHGQJ2OTD4M",
            "restore_to_point_in_time": [],
            "s3_import": [],
            "skip_final_snapshot": true,
            "snapshot_identifier": null,
            "status": "available",
            "storage_encrypted": true,
            "storage_throughput": 0,
            "storage_type": "gp2",
            "tags": {
              "Environment": "dev",
              "Name": "MinimalRDS"
            },
            "tags_all": {
              "Environment": "dev",
              "Name": "MinimalRDS"
            },
            "timeouts": {
              "create": null,
              "delete": null,
              "update": null
            },
            "timezone": "",
            "upgrade_storage_config": null,
            "username": "root",
            "vpc_security_group_ids": [
              "sg-07fe33d693a47362f"
            ]
          },
          "sensitive_attributes": [
            [
              {
                "type": "get_attr",
                "value": "password_wo"
              }
            ],
            [
              {
                "type": "get_attr",
                "value": "password"
              }
            ]
          ],
          "private": "eyJlMmJmYjczMC1lY2FhLTExZTYtOGY4OC0zNDM2M2JjN2M0YzAiOnsiY3JlYXRlIjozMDAwMDAwMDAwMDAwLCJkZWxldGUiOjM2MDAwMDAwMDAwMDAsInVwZGF0ZSI6NDgwMDAwMDAwMDAwMH0sInNjaGVtYV92ZXJzaW9uIjoiMiJ9",
          "dependencies": [
            "module.aws-rds-mysql-free-tier.module.aws-rds-mysql-free-tier.module.db_instance.aws_cloudwatch_log_group.this",
            "module.aws-rds-mysql-free-tier.module.aws-rds-mysql-free-tier.module.db_instance.aws_iam_role.enhanced_monitoring",
            "module.aws-rds-mysql-free-tier.module.aws-rds-mysql-free-tier.module.db_instance.data.aws_iam_policy_document.enhanced_monitoring",
            "module.aws-rds-mysql-free-tier.module.aws-rds-mysql-free-tier.module.db_instance.random_id.snapshot_identifier",
            "module.aws-rds-mysql-free-tier.module.aws-rds-mysql-free-tier.module.db_option_group.aws_db_option_group.this",
            "module.aws-rds-mysql-free-tier.module.aws-rds-mysql-free-tier.module.db_parameter_group.aws_db_parameter_group.this",
            "module.aws-rds-mysql-free-tier.module.aws-rds-mysql-free-tier.module.db_subnet_group.aws_db_subnet_group.this",
            "module.aws-sg-free-tier.aws_security_group.aws-public-sg",
            "module.aws-subnet-free-tier.aws_subnet.aws-subnet-private-us-east-1a",
            "module.aws-subnet-free-tier.aws_subnet.aws-subnet-private-us-east-1b",
            "module.aws-subnet-free-tier.aws_subnet.aws-subnet-public-us-east-1a",
            "module.aws-subnet-free-tier.aws_subnet.aws-subnet-public-us-east-1b",
            "module.aws-vpc-free-tier.aws_vpc.aws-vpc-free-tier"
          ]
        }
      ]
    },
    {
      "module": "module.aws-rds-mysql-free-tier.module.aws-rds-mysql-free-tier.module.db_option_group",
      "mode": "managed",
      "type": "aws_db_option_group",
      "name": "this",
      "provider": "module.aws-rds-mysql-free-tier.provider[\"registry.terraform.io/hashicorp/aws\"]",
      "instances": [
        {
          "index_key": 0,
          "schema_version": 0,
          "attributes": {
            "arn": "arn:aws:rds:us-east-1:207567780191:og:minimal-mysql-db-20250406052704659800000001",
            "engine_name": "mysql",
            "id": "minimal-mysql-db-20250406052704659800000001",
            "major_engine_version": "8.0",
            "name": "minimal-mysql-db-20250406052704659800000001",
            "name_prefix": "minimal-mysql-db-",
            "option": [],
            "option_group_description": "minimal-mysql-db option group",
            "skip_destroy": false,
            "tags": {
              "Environment": "dev",
              "Name": "minimal-mysql-db"
            },
            "tags_all": {
              "Environment": "dev",
              "Name": "minimal-mysql-db"
            },
            "timeouts": {
              "delete": null
            }
          },
          "sensitive_attributes": [],
          "private": "eyJlMmJmYjczMC1lY2FhLTExZTYtOGY4OC0zNDM2M2JjN2M0YzAiOnsiZGVsZXRlIjo5MDAwMDAwMDAwMDB9fQ==",
          "create_before_destroy": true
        }
      ]
    },
    {
      "module": "module.aws-rds-mysql-free-tier.module.aws-rds-mysql-free-tier.module.db_parameter_group",
      "mode": "managed",
      "type": "aws_db_parameter_group",
      "name": "this",
      "provider": "module.aws-rds-mysql-free-tier.provider[\"registry.terraform.io/hashicorp/aws\"]",
      "instances": [
        {
          "index_key": 0,
          "schema_version": 0,
          "attributes": {
            "arn": "arn:aws:rds:us-east-1:207567780191:pg:minimal-mysql-db-20250406052704677100000002",
            "description": "minimal-mysql-db parameter group",
            "family": "mysql8.0",
            "id": "minimal-mysql-db-20250406052704677100000002",
            "name": "minimal-mysql-db-20250406052704677100000002",
            "name_prefix": "minimal-mysql-db-",
            "parameter": [],
            "skip_destroy": false,
            "tags": {
              "Environment": "dev",
              "Name": "minimal-mysql-db"
            },
            "tags_all": {
              "Environment": "dev",
              "Name": "minimal-mysql-db"
            }
          },
          "sensitive_attributes": [],
          "private": "bnVsbA==",
          "create_before_destroy": true
        }
      ]
    },
    {
      "module": "module.aws-rds-mysql-free-tier.module.aws-rds-mysql-free-tier.module.db_subnet_group",
      "mode": "managed",
      "type": "aws_db_subnet_group",
      "name": "this",
      "provider": "module.aws-rds-mysql-free-tier.provider[\"registry.terraform.io/hashicorp/aws\"]",
      "instances": [
        {
          "index_key": 0,
          "schema_version": 0,
          "attributes": {
            "arn": "arn:aws:rds:us-east-1:207567780191:subgrp:minimal-mysql-db-20250406052717823600000003",
            "description": "minimal-mysql-db subnet group",
            "id": "minimal-mysql-db-20250406052717823600000003",
            "name": "minimal-mysql-db-20250406052717823600000003",
            "name_prefix": "minimal-mysql-db-",
            "subnet_ids": [
              "subnet-026fde435df704ab9",
              "subnet-028f165603e5bf4c8",
              "subnet-08b63a1633ace4d16",
              "subnet-0f991d1a9da6f951f"
            ],
            "supported_network_types": [
              "IPV4"
            ],
            "tags": {
              "Environment": "dev",
              "Name": "minimal-mysql-db"
            },
            "tags_all": {
              "Environment": "dev",
              "Name": "minimal-mysql-db"
            },
            "vpc_id": "vpc-011693a104c4a8e82"
          },
          "sensitive_attributes": [],
          "private": "bnVsbA==",
          "dependencies": [
            "module.aws-subnet-free-tier.aws_subnet.aws-subnet-private-us-east-1a",
            "module.aws-subnet-free-tier.aws_subnet.aws-subnet-private-us-east-1b",
            "module.aws-subnet-free-tier.aws_subnet.aws-subnet-public-us-east-1a",
            "module.aws-subnet-free-tier.aws_subnet.aws-subnet-public-us-east-1b",
            "module.aws-vpc-free-tier.aws_vpc.aws-vpc-free-tier"
          ]
        }
      ]
    },
    {
      "module": "module.aws-rtb-free-tier",
      "mode": "managed",
      "type": "aws_route_table",
      "name": "aws-rtb-private-us-east-1a",
      "provider": "provider[\"registry.terraform.io/hashicorp/aws\"]",
      "instances": [
        {
          "schema_version": 0,
          "attributes": {
            "arn": "arn:aws:ec2:us-east-1:207567780191:route-table/rtb-0f08e38d5ec3d01ca",
            "id": "rtb-0f08e38d5ec3d01ca",
            "owner_id": "207567780191",
            "propagating_vgws": [],
            "route": [],
            "tags": {
              "Name": "dev-rtb-private-us-east-1a"
            },
            "tags_all": {
              "Name": "dev-rtb-private-us-east-1a"
            },
            "timeouts": null,
            "vpc_id": "vpc-011693a104c4a8e82"
          },
          "sensitive_attributes": [],
          "private": "eyJlMmJmYjczMC1lY2FhLTExZTYtOGY4OC0zNDM2M2JjN2M0YzAiOnsiY3JlYXRlIjozMDAwMDAwMDAwMDAsImRlbGV0ZSI6MzAwMDAwMDAwMDAwLCJ1cGRhdGUiOjEyMDAwMDAwMDAwMH19",
          "dependencies": [
            "module.aws-vpc-free-tier.aws_vpc.aws-vpc-free-tier"
          ]
        }
      ]
    },
    {
      "module": "module.aws-rtb-free-tier",
      "mode": "managed",
      "type": "aws_route_table",
      "name": "aws-rtb-private-us-east-1b",
      "provider": "provider[\"registry.terraform.io/hashicorp/aws\"]",
      "instances": [
        {
          "schema_version": 0,
          "attributes": {
            "arn": "arn:aws:ec2:us-east-1:207567780191:route-table/rtb-047bdf58e6337526e",
            "id": "rtb-047bdf58e6337526e",
            "owner_id": "207567780191",
            "propagating_vgws": [],
            "route": [],
            "tags": {
              "Name": "dev-rtb-private-us-east-1b"
            },
            "tags_all": {
              "Name": "dev-rtb-private-us-east-1b"
            },
            "timeouts": null,
            "vpc_id": "vpc-011693a104c4a8e82"
          },
          "sensitive_attributes": [],
          "private": "eyJlMmJmYjczMC1lY2FhLTExZTYtOGY4OC0zNDM2M2JjN2M0YzAiOnsiY3JlYXRlIjozMDAwMDAwMDAwMDAsImRlbGV0ZSI6MzAwMDAwMDAwMDAwLCJ1cGRhdGUiOjEyMDAwMDAwMDAwMH19",
          "dependencies": [
            "module.aws-vpc-free-tier.aws_vpc.aws-vpc-free-tier"
          ]
        }
      ]
    },
    {
      "module": "module.aws-rtb-free-tier",
      "mode": "managed",
      "type": "aws_route_table",
      "name": "aws-rtb-public",
      "provider": "provider[\"registry.terraform.io/hashicorp/aws\"]",
      "instances": [
        {
          "schema_version": 0,
          "attributes": {
            "arn": "arn:aws:ec2:us-east-1:207567780191:route-table/rtb-0615dc96213ebabd3",
            "id": "rtb-0615dc96213ebabd3",
            "owner_id": "207567780191",
            "propagating_vgws": [],
            "route": [
              {
                "carrier_gateway_id": "",
                "cidr_block": "0.0.0.0/0",
                "core_network_arn": "",
                "destination_prefix_list_id": "",
                "egress_only_gateway_id": "",
                "gateway_id": "igw-04cdb5a6ab990e894",
                "ipv6_cidr_block": "",
                "local_gateway_id": "",
                "nat_gateway_id": "",
                "network_interface_id": "",
                "transit_gateway_id": "",
                "vpc_endpoint_id": "",
                "vpc_peering_connection_id": ""
              }
            ],
            "tags": {
              "Name": "dev-rtb-public"
            },
            "tags_all": {
              "Name": "dev-rtb-public"
            },
            "timeouts": null,
            "vpc_id": "vpc-011693a104c4a8e82"
          },
          "sensitive_attributes": [],
          "private": "eyJlMmJmYjczMC1lY2FhLTExZTYtOGY4OC0zNDM2M2JjN2M0YzAiOnsiY3JlYXRlIjozMDAwMDAwMDAwMDAsImRlbGV0ZSI6MzAwMDAwMDAwMDAwLCJ1cGRhdGUiOjEyMDAwMDAwMDAwMH19",
          "dependencies": [
            "module.aws-igw-free-tier.aws_internet_gateway.aws-igw-free-tier",
            "module.aws-vpc-free-tier.aws_vpc.aws-vpc-free-tier"
          ]
        }
      ]
    },
    {
      "module": "module.aws-rtb-free-tier",
      "mode": "managed",
      "type": "aws_route_table_association",
      "name": "a1-aws-rtb-public",
      "provider": "provider[\"registry.terraform.io/hashicorp/aws\"]",
      "instances": [
        {
          "schema_version": 0,
          "attributes": {
            "gateway_id": "",
            "id": "rtbassoc-0ec5ff2ea7b05c1fc",
            "route_table_id": "rtb-0615dc96213ebabd3",
            "subnet_id": "subnet-028f165603e5bf4c8",
            "timeouts": null
          },
          "sensitive_attributes": [],
          "private": "eyJlMmJmYjczMC1lY2FhLTExZTYtOGY4OC0zNDM2M2JjN2M0YzAiOnsiY3JlYXRlIjozMDAwMDAwMDAwMDAsImRlbGV0ZSI6MzAwMDAwMDAwMDAwLCJ1cGRhdGUiOjEyMDAwMDAwMDAwMH19",
          "dependencies": [
            "module.aws-igw-free-tier.aws_internet_gateway.aws-igw-free-tier",
            "module.aws-rtb-free-tier.aws_route_table.aws-rtb-public",
            "module.aws-subnet-free-tier.aws_subnet.aws-subnet-public-us-east-1a",
            "module.aws-vpc-free-tier.aws_vpc.aws-vpc-free-tier"
          ]
        }
      ]
    },
    {
      "module": "module.aws-rtb-free-tier",
      "mode": "managed",
      "type": "aws_route_table_association",
      "name": "a2-aws-rtb-public",
      "provider": "provider[\"registry.terraform.io/hashicorp/aws\"]",
      "instances": [
        {
          "schema_version": 0,
          "attributes": {
            "gateway_id": "",
            "id": "rtbassoc-0a1cca18dfda33a32",
            "route_table_id": "rtb-0615dc96213ebabd3",
            "subnet_id": "subnet-0f991d1a9da6f951f",
            "timeouts": null
          },
          "sensitive_attributes": [],
          "private": "eyJlMmJmYjczMC1lY2FhLTExZTYtOGY4OC0zNDM2M2JjN2M0YzAiOnsiY3JlYXRlIjozMDAwMDAwMDAwMDAsImRlbGV0ZSI6MzAwMDAwMDAwMDAwLCJ1cGRhdGUiOjEyMDAwMDAwMDAwMH19",
          "dependencies": [
            "module.aws-igw-free-tier.aws_internet_gateway.aws-igw-free-tier",
            "module.aws-rtb-free-tier.aws_route_table.aws-rtb-public",
            "module.aws-subnet-free-tier.aws_subnet.aws-subnet-public-us-east-1b",
            "module.aws-vpc-free-tier.aws_vpc.aws-vpc-free-tier"
          ]
        }
      ]
    },
    {
      "module": "module.aws-rtb-free-tier",
      "mode": "managed",
      "type": "aws_route_table_association",
      "name": "aws-rtb-private-us-east-1a",
      "provider": "provider[\"registry.terraform.io/hashicorp/aws\"]",
      "instances": [
        {
          "schema_version": 0,
          "attributes": {
            "gateway_id": "",
            "id": "rtbassoc-036cdffec25eb07ef",
            "route_table_id": "rtb-0f08e38d5ec3d01ca",
            "subnet_id": "subnet-026fde435df704ab9",
            "timeouts": null
          },
          "sensitive_attributes": [],
          "private": "eyJlMmJmYjczMC1lY2FhLTExZTYtOGY4OC0zNDM2M2JjN2M0YzAiOnsiY3JlYXRlIjozMDAwMDAwMDAwMDAsImRlbGV0ZSI6MzAwMDAwMDAwMDAwLCJ1cGRhdGUiOjEyMDAwMDAwMDAwMH19",
          "dependencies": [
            "module.aws-rtb-free-tier.aws_route_table.aws-rtb-private-us-east-1a",
            "module.aws-subnet-free-tier.aws_subnet.aws-subnet-private-us-east-1a",
            "module.aws-vpc-free-tier.aws_vpc.aws-vpc-free-tier"
          ]
        }
      ]
    },
    {
      "module": "module.aws-rtb-free-tier",
      "mode": "managed",
      "type": "aws_route_table_association",
      "name": "aws-rtb-private-us-east-1b",
      "provider": "provider[\"registry.terraform.io/hashicorp/aws\"]",
      "instances": [
        {
          "schema_version": 0,
          "attributes": {
            "gateway_id": "",
            "id": "rtbassoc-0f94b16df2541dfd3",
            "route_table_id": "rtb-047bdf58e6337526e",
            "subnet_id": "subnet-08b63a1633ace4d16",
            "timeouts": null
          },
          "sensitive_attributes": [],
          "private": "eyJlMmJmYjczMC1lY2FhLTExZTYtOGY4OC0zNDM2M2JjN2M0YzAiOnsiY3JlYXRlIjozMDAwMDAwMDAwMDAsImRlbGV0ZSI6MzAwMDAwMDAwMDAwLCJ1cGRhdGUiOjEyMDAwMDAwMDAwMH19",
          "dependencies": [
            "module.aws-rtb-free-tier.aws_route_table.aws-rtb-private-us-east-1b",
            "module.aws-subnet-free-tier.aws_subnet.aws-subnet-private-us-east-1b",
            "module.aws-vpc-free-tier.aws_vpc.aws-vpc-free-tier"
          ]
        }
      ]
    },
    {
      "module": "module.aws-sg-free-tier",
      "mode": "managed",
      "type": "aws_security_group",
      "name": "aws-public-sg",
      "provider": "provider[\"registry.terraform.io/hashicorp/aws\"]",
      "instances": [
        {
          "schema_version": 1,
          "attributes": {
            "arn": "arn:aws:ec2:us-east-1:207567780191:security-group/sg-07fe33d693a47362f",
            "description": "Managed by Terraform",
            "egress": [],
            "id": "sg-07fe33d693a47362f",
            "ingress": [],
            "name": "aws-public-sg",
            "name_prefix": "",
            "owner_id": "207567780191",
            "revoke_rules_on_delete": false,
            "tags": {
              "Name": "dev-public-sg-free-tier"
            },
            "tags_all": {
              "Name": "dev-public-sg-free-tier"
            },
            "timeouts": null,
            "vpc_id": "vpc-011693a104c4a8e82"
          },
          "sensitive_attributes": [],
          "private": "eyJlMmJmYjczMC1lY2FhLTExZTYtOGY4OC0zNDM2M2JjN2M0YzAiOnsiY3JlYXRlIjo2MDAwMDAwMDAwMDAsImRlbGV0ZSI6OTAwMDAwMDAwMDAwfSwic2NoZW1hX3ZlcnNpb24iOiIxIn0=",
          "dependencies": [
            "module.aws-vpc-free-tier.aws_vpc.aws-vpc-free-tier"
          ]
        }
      ]
    },
    {
      "module": "module.aws-sg-free-tier",
      "mode": "managed",
      "type": "aws_vpc_security_group_egress_rule",
      "name": "allow_all_traffic_ipv4",
      "provider": "provider[\"registry.terraform.io/hashicorp/aws\"]",
      "instances": [
        {
          "schema_version": 0,
          "attributes": {
            "arn": "arn:aws:ec2:us-east-1:207567780191:security-group-rule/sgr-036c7eee21c8bef88",
            "cidr_ipv4": "0.0.0.0/0",
            "cidr_ipv6": null,
            "description": null,
            "from_port": null,
            "id": "sgr-036c7eee21c8bef88",
            "ip_protocol": "-1",
            "prefix_list_id": null,
            "referenced_security_group_id": null,
            "security_group_id": "sg-07fe33d693a47362f",
            "security_group_rule_id": "sgr-036c7eee21c8bef88",
            "tags": null,
            "tags_all": {},
            "to_port": null
          },
          "sensitive_attributes": [],
          "dependencies": [
            "module.aws-sg-free-tier.aws_security_group.aws-public-sg",
            "module.aws-vpc-free-tier.aws_vpc.aws-vpc-free-tier"
          ]
        }
      ]
    },
    {
      "module": "module.aws-sg-free-tier",
      "mode": "managed",
      "type": "aws_vpc_security_group_egress_rule",
      "name": "allow_mysql_outbound",
      "provider": "provider[\"registry.terraform.io/hashicorp/aws\"]",
      "instances": [
        {
          "schema_version": 0,
          "attributes": {
            "arn": "arn:aws:ec2:us-east-1:207567780191:security-group-rule/sgr-02841f0036131863d",
            "cidr_ipv4": "0.0.0.0/0",
            "cidr_ipv6": null,
            "description": null,
            "from_port": 3306,
            "id": "sgr-02841f0036131863d",
            "ip_protocol": "tcp",
            "prefix_list_id": null,
            "referenced_security_group_id": null,
            "security_group_id": "sg-07fe33d693a47362f",
            "security_group_rule_id": "sgr-02841f0036131863d",
            "tags": null,
            "tags_all": {},
            "to_port": 3306
          },
          "sensitive_attributes": [],
          "dependencies": [
            "module.aws-sg-free-tier.aws_security_group.aws-public-sg",
            "module.aws-vpc-free-tier.aws_vpc.aws-vpc-free-tier"
          ]
        }
      ]
    },
    {
      "module": "module.aws-sg-free-tier",
      "mode": "managed",
      "type": "aws_vpc_security_group_ingress_rule",
      "name": "allow_tls_ipv4",
      "provider": "provider[\"registry.terraform.io/hashicorp/aws\"]",
      "instances": [
        {
          "schema_version": 0,
          "attributes": {
            "arn": "arn:aws:ec2:us-east-1:207567780191:security-group-rule/sgr-06b7ba2db58f821b0",
            "cidr_ipv4": "0.0.0.0/0",
            "cidr_ipv6": null,
            "description": null,
            "from_port": 22,
            "id": "sgr-06b7ba2db58f821b0",
            "ip_protocol": "tcp",
            "prefix_list_id": null,
            "referenced_security_group_id": null,
            "security_group_id": "sg-07fe33d693a47362f",
            "security_group_rule_id": "sgr-06b7ba2db58f821b0",
            "tags": null,
            "tags_all": {},
            "to_port": 22
          },
          "sensitive_attributes": [],
          "dependencies": [
            "module.aws-sg-free-tier.aws_security_group.aws-public-sg",
            "module.aws-vpc-free-tier.aws_vpc.aws-vpc-free-tier"
          ]
        }
      ]
    },
    {
      "module": "module.aws-sg-free-tier",
      "mode": "managed",
      "type": "aws_vpc_security_group_ingress_rule",
      "name": "allow_tls_ipv4_3005",
      "provider": "provider[\"registry.terraform.io/hashicorp/aws\"]",
      "instances": [
        {
          "schema_version": 0,
          "attributes": {
            "arn": "arn:aws:ec2:us-east-1:207567780191:security-group-rule/sgr-0e8bbe4289edcf0f2",
            "cidr_ipv4": "0.0.0.0/0",
            "cidr_ipv6": null,
            "description": null,
            "from_port": 3005,
            "id": "sgr-0e8bbe4289edcf0f2",
            "ip_protocol": "tcp",
            "prefix_list_id": null,
            "referenced_security_group_id": null,
            "security_group_id": "sg-07fe33d693a47362f",
            "security_group_rule_id": "sgr-0e8bbe4289edcf0f2",
            "tags": null,
            "tags_all": {},
            "to_port": 3005
          },
          "sensitive_attributes": [],
          "dependencies": [
            "module.aws-sg-free-tier.aws_security_group.aws-public-sg",
            "module.aws-vpc-free-tier.aws_vpc.aws-vpc-free-tier"
          ]
        }
      ]
    },
    {
      "module": "module.aws-sg-free-tier",
      "mode": "managed",
      "type": "aws_vpc_security_group_ingress_rule",
      "name": "allow_tls_ipv4_3306",
      "provider": "provider[\"registry.terraform.io/hashicorp/aws\"]",
      "instances": [
        {
          "schema_version": 0,
          "attributes": {
            "arn": "arn:aws:ec2:us-east-1:207567780191:security-group-rule/sgr-05f575afe07743ab3",
            "cidr_ipv4": "0.0.0.0/0",
            "cidr_ipv6": null,
            "description": null,
            "from_port": 3306,
            "id": "sgr-05f575afe07743ab3",
            "ip_protocol": "tcp",
            "prefix_list_id": null,
            "referenced_security_group_id": null,
            "security_group_id": "sg-07fe33d693a47362f",
            "security_group_rule_id": "sgr-05f575afe07743ab3",
            "tags": null,
            "tags_all": {},
            "to_port": 3306
          },
          "sensitive_attributes": [],
          "dependencies": [
            "module.aws-sg-free-tier.aws_security_group.aws-public-sg",
            "module.aws-vpc-free-tier.aws_vpc.aws-vpc-free-tier"
          ]
        }
      ]
    },
    {
      "module": "module.aws-subnet-free-tier",
      "mode": "managed",
      "type": "aws_subnet",
      "name": "aws-subnet-private-us-east-1a",
      "provider": "provider[\"registry.terraform.io/hashicorp/aws\"]",
      "instances": [
        {
          "schema_version": 1,
          "attributes": {
            "arn": "arn:aws:ec2:us-east-1:207567780191:subnet/subnet-026fde435df704ab9",
            "assign_ipv6_address_on_creation": false,
            "availability_zone": "us-east-1a",
            "availability_zone_id": "use1-az4",
            "cidr_block": "10.0.3.0/24",
            "customer_owned_ipv4_pool": "",
            "enable_dns64": false,
            "enable_lni_at_device_index": 0,
            "enable_resource_name_dns_a_record_on_launch": false,
            "enable_resource_name_dns_aaaa_record_on_launch": false,
            "id": "subnet-026fde435df704ab9",
            "ipv6_cidr_block": "",
            "ipv6_cidr_block_association_id": "",
            "ipv6_native": false,
            "map_customer_owned_ip_on_launch": false,
            "map_public_ip_on_launch": false,
            "outpost_arn": "",
            "owner_id": "207567780191",
            "private_dns_hostname_type_on_launch": "ip-name",
            "tags": {
              "Name": "dev-subnet-private-us-east-1a"
            },
            "tags_all": {
              "Name": "dev-subnet-private-us-east-1a"
            },
            "timeouts": null,
            "vpc_id": "vpc-011693a104c4a8e82"
          },
          "sensitive_attributes": [],
          "private": "eyJlMmJmYjczMC1lY2FhLTExZTYtOGY4OC0zNDM2M2JjN2M0YzAiOnsiY3JlYXRlIjo2MDAwMDAwMDAwMDAsImRlbGV0ZSI6MTIwMDAwMDAwMDAwMH0sInNjaGVtYV92ZXJzaW9uIjoiMSJ9",
          "dependencies": [
            "module.aws-vpc-free-tier.aws_vpc.aws-vpc-free-tier"
          ]
        }
      ]
    },
    {
      "module": "module.aws-subnet-free-tier",
      "mode": "managed",
      "type": "aws_subnet",
      "name": "aws-subnet-private-us-east-1b",
      "provider": "provider[\"registry.terraform.io/hashicorp/aws\"]",
      "instances": [
        {
          "schema_version": 1,
          "attributes": {
            "arn": "arn:aws:ec2:us-east-1:207567780191:subnet/subnet-08b63a1633ace4d16",
            "assign_ipv6_address_on_creation": false,
            "availability_zone": "us-east-1b",
            "availability_zone_id": "use1-az6",
            "cidr_block": "10.0.4.0/24",
            "customer_owned_ipv4_pool": "",
            "enable_dns64": false,
            "enable_lni_at_device_index": 0,
            "enable_resource_name_dns_a_record_on_launch": false,
            "enable_resource_name_dns_aaaa_record_on_launch": false,
            "id": "subnet-08b63a1633ace4d16",
            "ipv6_cidr_block": "",
            "ipv6_cidr_block_association_id": "",
            "ipv6_native": false,
            "map_customer_owned_ip_on_launch": false,
            "map_public_ip_on_launch": false,
            "outpost_arn": "",
            "owner_id": "207567780191",
            "private_dns_hostname_type_on_launch": "ip-name",
            "tags": {
              "Name": "dev-subnet-private-us-east-1b"
            },
            "tags_all": {
              "Name": "dev-subnet-private-us-east-1b"
            },
            "timeouts": null,
            "vpc_id": "vpc-011693a104c4a8e82"
          },
          "sensitive_attributes": [],
          "private": "eyJlMmJmYjczMC1lY2FhLTExZTYtOGY4OC0zNDM2M2JjN2M0YzAiOnsiY3JlYXRlIjo2MDAwMDAwMDAwMDAsImRlbGV0ZSI6MTIwMDAwMDAwMDAwMH0sInNjaGVtYV92ZXJzaW9uIjoiMSJ9",
          "dependencies": [
            "module.aws-vpc-free-tier.aws_vpc.aws-vpc-free-tier"
          ]
        }
      ]
    },
    {
      "module": "module.aws-subnet-free-tier",
      "mode": "managed",
      "type": "aws_subnet",
      "name": "aws-subnet-public-us-east-1a",
      "provider": "provider[\"registry.terraform.io/hashicorp/aws\"]",
      "instances": [
        {
          "schema_version": 1,
          "attributes": {
            "arn": "arn:aws:ec2:us-east-1:207567780191:subnet/subnet-028f165603e5bf4c8",
            "assign_ipv6_address_on_creation": false,
            "availability_zone": "us-east-1a",
            "availability_zone_id": "use1-az4",
            "cidr_block": "10.0.1.0/24",
            "customer_owned_ipv4_pool": "",
            "enable_dns64": false,
            "enable_lni_at_device_index": 0,
            "enable_resource_name_dns_a_record_on_launch": false,
            "enable_resource_name_dns_aaaa_record_on_launch": false,
            "id": "subnet-028f165603e5bf4c8",
            "ipv6_cidr_block": "",
            "ipv6_cidr_block_association_id": "",
            "ipv6_native": false,
            "map_customer_owned_ip_on_launch": false,
            "map_public_ip_on_launch": false,
            "outpost_arn": "",
            "owner_id": "207567780191",
            "private_dns_hostname_type_on_launch": "ip-name",
            "tags": {
              "Name": "dev-subnet-public-us-east-1a"
            },
            "tags_all": {
              "Name": "dev-subnet-public-us-east-1a"
            },
            "timeouts": null,
            "vpc_id": "vpc-011693a104c4a8e82"
          },
          "sensitive_attributes": [],
          "private": "eyJlMmJmYjczMC1lY2FhLTExZTYtOGY4OC0zNDM2M2JjN2M0YzAiOnsiY3JlYXRlIjo2MDAwMDAwMDAwMDAsImRlbGV0ZSI6MTIwMDAwMDAwMDAwMH0sInNjaGVtYV92ZXJzaW9uIjoiMSJ9",
          "dependencies": [
            "module.aws-vpc-free-tier.aws_vpc.aws-vpc-free-tier"
          ]
        }
      ]
    },
    {
      "module": "module.aws-subnet-free-tier",
      "mode": "managed",
      "type": "aws_subnet",
      "name": "aws-subnet-public-us-east-1b",
      "provider": "provider[\"registry.terraform.io/hashicorp/aws\"]",
      "instances": [
        {
          "schema_version": 1,
          "attributes": {
            "arn": "arn:aws:ec2:us-east-1:207567780191:subnet/subnet-0f991d1a9da6f951f",
            "assign_ipv6_address_on_creation": false,
            "availability_zone": "us-east-1b",
            "availability_zone_id": "use1-az6",
            "cidr_block": "10.0.2.0/24",
            "customer_owned_ipv4_pool": "",
            "enable_dns64": false,
            "enable_lni_at_device_index": 0,
            "enable_resource_name_dns_a_record_on_launch": false,
            "enable_resource_name_dns_aaaa_record_on_launch": false,
            "id": "subnet-0f991d1a9da6f951f",
            "ipv6_cidr_block": "",
            "ipv6_cidr_block_association_id": "",
            "ipv6_native": false,
            "map_customer_owned_ip_on_launch": false,
            "map_public_ip_on_launch": false,
            "outpost_arn": "",
            "owner_id": "207567780191",
            "private_dns_hostname_type_on_launch": "ip-name",
            "tags": {
              "Name": "dev-subnet-public-us-east-1b"
            },
            "tags_all": {
              "Name": "dev-subnet-public-us-east-1b"
            },
            "timeouts": null,
            "vpc_id": "vpc-011693a104c4a8e82"
          },
          "sensitive_attributes": [],
          "private": "eyJlMmJmYjczMC1lY2FhLTExZTYtOGY4OC0zNDM2M2JjN2M0YzAiOnsiY3JlYXRlIjo2MDAwMDAwMDAwMDAsImRlbGV0ZSI6MTIwMDAwMDAwMDAwMH0sInNjaGVtYV92ZXJzaW9uIjoiMSJ9",
          "dependencies": [
            "module.aws-vpc-free-tier.aws_vpc.aws-vpc-free-tier"
          ]
        }
      ]
    },
    {
      "module": "module.aws-vpc-free-tier",
      "mode": "managed",
      "type": "aws_vpc",
      "name": "aws-vpc-free-tier",
      "provider": "provider[\"registry.terraform.io/hashicorp/aws\"]",
      "instances": [
        {
          "schema_version": 1,
          "attributes": {
            "arn": "arn:aws:ec2:us-east-1:207567780191:vpc/vpc-011693a104c4a8e82",
            "assign_generated_ipv6_cidr_block": false,
            "cidr_block": "10.0.0.0/16",
            "default_network_acl_id": "acl-00aa665eb154b76e6",
            "default_route_table_id": "rtb-0974c672d9be4ff0c",
            "default_security_group_id": "sg-0eea63af84d9e797c",
            "dhcp_options_id": "dopt-0111d916f6c4dc792",
            "enable_dns_hostnames": true,
            "enable_dns_support": true,
            "enable_network_address_usage_metrics": false,
            "id": "vpc-011693a104c4a8e82",
            "instance_tenancy": "default",
            "ipv4_ipam_pool_id": null,
            "ipv4_netmask_length": null,
            "ipv6_association_id": "",
            "ipv6_cidr_block": "",
            "ipv6_cidr_block_network_border_group": "",
            "ipv6_ipam_pool_id": "",
            "ipv6_netmask_length": 0,
            "main_route_table_id": "rtb-0974c672d9be4ff0c",
            "owner_id": "207567780191",
            "tags": {
              "Name": "dev-vpc-free-tier"
            },
            "tags_all": {
              "Name": "dev-vpc-free-tier"
            }
          },
          "sensitive_attributes": [],
          "private": "eyJzY2hlbWFfdmVyc2lvbiI6IjEifQ=="
        }
      ]
    }
  ],
  "check_results": null
}
